// !$*UTF8*$!
{
	archiveVersion = 1;
	classes = {
	};
	objectVersion = 46;
	objects = {

/* Begin PBXBuildFile section */
		2A8969461C435AD9001A2096 /* main.m in Sources */ = {isa = PBXBuildFile; fileRef = 2A8969451C435AD9001A2096 /* main.m */; };
		2A8969491C435AD9001A2096 /* AppDelegate.m in Sources */ = {isa = PBXBuildFile; fileRef = 2A8969481C435AD9001A2096 /* AppDelegate.m */; };
		2A89694C1C435AD9001A2096 /* ViewController.m in Sources */ = {isa = PBXBuildFile; fileRef = 2A89694B1C435AD9001A2096 /* ViewController.m */; };
		2A89694F1C435AD9001A2096 /* Main.storyboard in Resources */ = {isa = PBXBuildFile; fileRef = 2A89694D1C435AD9001A2096 /* Main.storyboard */; };
		2A8969511C435AD9001A2096 /* Images.xcassets in Resources */ = {isa = PBXBuildFile; fileRef = 2A8969501C435AD9001A2096 /* Images.xcassets */; };
		2A8969541C435AD9001A2096 /* LaunchScreen.xib in Resources */ = {isa = PBXBuildFile; fileRef = 2A8969521C435AD9001A2096 /* LaunchScreen.xib */; };
		2A8969601C435AD9001A2096 /* PuzzleTests.m in Sources */ = {isa = PBXBuildFile; fileRef = 2A89695F1C435AD9001A2096 /* PuzzleTests.m */; };
		2AE863651C5DBFA400DF8A2E /* 1.png in Resources */ = {isa = PBXBuildFile; fileRef = 2AE8635C1C5DBFA400DF8A2E /* 1.png */; };
		2AE863661C5DBFA400DF8A2E /* 2.png in Resources */ = {isa = PBXBuildFile; fileRef = 2AE8635D1C5DBFA400DF8A2E /* 2.png */; };
		2AE863671C5DBFA400DF8A2E /* 3.png in Resources */ = {isa = PBXBuildFile; fileRef = 2AE8635E1C5DBFA400DF8A2E /* 3.png */; };
		2AE863681C5DBFA400DF8A2E /* 4.png in Resources */ = {isa = PBXBuildFile; fileRef = 2AE8635F1C5DBFA400DF8A2E /* 4.png */; };
		2AE863691C5DBFA400DF8A2E /* 5.png in Resources */ = {isa = PBXBuildFile; fileRef = 2AE863601C5DBFA400DF8A2E /* 5.png */; };
		2AE8636A1C5DBFA400DF8A2E /* 6.png in Resources */ = {isa = PBXBuildFile; fileRef = 2AE863611C5DBFA400DF8A2E /* 6.png */; };
		2AE8636B1C5DBFA400DF8A2E /* 7.png in Resources */ = {isa = PBXBuildFile; fileRef = 2AE863621C5DBFA400DF8A2E /* 7.png */; };
		2AE8636C1C5DBFA400DF8A2E /* 8.png in Resources */ = {isa = PBXBuildFile; fileRef = 2AE863631C5DBFA400DF8A2E /* 8.png */; };
		2AE8636D1C5DBFA400DF8A2E /* 9.png in Resources */ = {isa = PBXBuildFile; fileRef = 2AE863641C5DBFA400DF8A2E /* 9.png */; };
/* End PBXBuildFile section */

/* Begin PBXContainerItemProxy section */
		2A89695A1C435AD9001A2096 /* PBXContainerItemProxy */ = {
			isa = PBXContainerItemProxy;
			containerPortal = 2A8969381C435AD9001A2096 /* Project object */;
			proxyType = 1;
			remoteGlobalIDString = 2A89693F1C435AD9001A2096;
			remoteInfo = Puzzle;
		};
/* End PBXContainerItemProxy section */

/* Begin PBXFileReference section */
		2A8969401C435AD9001A2096 /* Puzzle.app */ = {isa = PBXFileReference; explicitFileType = wrapper.application; includeInIndex = 0; path = Puzzle.app; sourceTree = BUILT_PRODUCTS_DIR; };
		2A8969441C435AD9001A2096 /* Info.plist */ = {isa = PBXFileReference; lastKnownFileType = text.plist.xml; path = Info.plist; sourceTree = "<group>"; };
		2A8969451C435AD9001A2096 /* main.m */ = {isa = PBXFileReference; lastKnownFileType = sourcecode.c.objc; path = main.m; sourceTree = "<group>"; };
		2A8969471C435AD9001A2096 /* AppDelegate.h */ = {isa = PBXFileReference; lastKnownFileType = sourcecode.c.h; path = AppDelegate.h; sourceTree = "<group>"; };
		2A8969481C435AD9001A2096 /* AppDelegate.m */ = {isa = PBXFileReference; lastKnownFileType = sourcecode.c.objc; path = AppDelegate.m; sourceTree = "<group>"; };
		2A89694A1C435AD9001A2096 /* ViewController.h */ = {isa = PBXFileReference; lastKnownFileType = sourcecode.c.h; path = ViewController.h; sourceTree = "<group>"; };
		2A89694B1C435AD9001A2096 /* ViewController.m */ = {isa = PBXFileReference; lastKnownFileType = sourcecode.c.objc; path = ViewController.m; sourceTree = "<group>"; };
		2A89694E1C435AD9001A2096 /* Base */ = {isa = PBXFileReference; lastKnownFileType = file.storyboard; name = Base; path = Base.lproj/Main.storyboard; sourceTree = "<group>"; };
		2A8969501C435AD9001A2096 /* Images.xcassets */ = {isa = PBXFileReference; lastKnownFileType = folder.assetcatalog; path = Images.xcassets; sourceTree = "<group>"; };
		2A8969531C435AD9001A2096 /* Base */ = {isa = PBXFileReference; lastKnownFileType = file.xib; name = Base; path = Base.lproj/LaunchScreen.xib; sourceTree = "<group>"; };
		2A8969591C435AD9001A2096 /* PuzzleTests.xctest */ = {isa = PBXFileReference; explicitFileType = wrapper.cfbundle; includeInIndex = 0; path = PuzzleTests.xctest; sourceTree = BUILT_PRODUCTS_DIR; };
		2A89695E1C435AD9001A2096 /* Info.plist */ = {isa = PBXFileReference; lastKnownFileType = text.plist.xml; path = Info.plist; sourceTree = "<group>"; };
		2A89695F1C435AD9001A2096 /* PuzzleTests.m */ = {isa = PBXFileReference; lastKnownFileType = sourcecode.c.objc; path = PuzzleTests.m; sourceTree = "<group>"; };
		2AE8635C1C5DBFA400DF8A2E /* 1.png */ = {isa = PBXFileReference; lastKnownFileType = image.png; path = 1.png; sourceTree = "<group>"; };
		2AE8635D1C5DBFA400DF8A2E /* 2.png */ = {isa = PBXFileReference; lastKnownFileType = image.png; path = 2.png; sourceTree = "<group>"; };
		2AE8635E1C5DBFA400DF8A2E /* 3.png */ = {isa = PBXFileReference; lastKnownFileType = image.png; path = 3.png; sourceTree = "<group>"; };
		2AE8635F1C5DBFA400DF8A2E /* 4.png */ = {isa = PBXFileReference; lastKnownFileType = image.png; path = 4.png; sourceTree = "<group>"; };
		2AE863601C5DBFA400DF8A2E /* 5.png */ = {isa = PBXFileReference; lastKnownFileType = image.png; path = 5.png; sourceTree = "<group>"; };
		2AE863611C5DBFA400DF8A2E /* 6.png */ = {isa = PBXFileReference; lastKnownFileType = image.png; path = 6.png; sourceTree = "<group>"; };
		2AE863621C5DBFA400DF8A2E /* 7.png */ = {isa = PBXFileReference; lastKnownFileType = image.png; path = 7.png; sourceTree = "<group>"; };
		2AE863631C5DBFA400DF8A2E /* 8.png */ = {isa = PBXFileReference; lastKnownFileType = image.png; path = 8.png; sourceTree = "<group>"; };
		2AE863641C5DBFA400DF8A2E /* 9.png */ = {isa = PBXFileReference; lastKnownFileType = image.png; path = 9.png; sourceTree = "<group>"; };
/* End PBXFileReference section */

/* Begin PBXFrameworksBuildPhase section */
		2A89693D1C435AD9001A2096 /* Frameworks */ = {
			isa = PBXFrameworksBuildPhase;
			buildActionMask = 2147483647;
			files = (
			);
			runOnlyForDeploymentPostprocessing = 0;
		};
		2A8969561C435AD9001A2096 /* Frameworks */ = {
			isa = PBXFrameworksBuildPhase;
			buildActionMask = 2147483647;
			files = (
			);
			runOnlyForDeploymentPostprocessing = 0;
		};
/* End PBXFrameworksBuildPhase section */

/* Begin PBXGroup section */
		2A8969371C435AD9001A2096 = {
			isa = PBXGroup;
			children = (
				2A8969421C435AD9001A2096 /* Puzzle */,
				2A89695C1C435AD9001A2096 /* PuzzleTests */,
				2A8969411C435AD9001A2096 /* Products */,
			);
			sourceTree = "<group>";
		};
		2A8969411C435AD9001A2096 /* Products */ = {
			isa = PBXGroup;
			children = (
				2A8969401C435AD9001A2096 /* Puzzle.app */,
				2A8969591C435AD9001A2096 /* PuzzleTests.xctest */,
			);
			name = Products;
			sourceTree = "<group>";
		};
		2A8969421C435AD9001A2096 /* Puzzle */ = {
			isa = PBXGroup;
			children = (
				2AE8635C1C5DBFA400DF8A2E /* 1.png */,
				2AE8635D1C5DBFA400DF8A2E /* 2.png */,
				2AE8635E1C5DBFA400DF8A2E /* 3.png */,
				2AE8635F1C5DBFA400DF8A2E /* 4.png */,
				2AE863601C5DBFA400DF8A2E /* 5.png */,
				2AE863611C5DBFA400DF8A2E /* 6.png */,
				2AE863621C5DBFA400DF8A2E /* 7.png */,
				2AE863631C5DBFA400DF8A2E /* 8.png */,
				2AE863641C5DBFA400DF8A2E /* 9.png */,
				2A8969471C435AD9001A2096 /* AppDelegate.h */,
				2A8969481C435AD9001A2096 /* AppDelegate.m */,
				2A89694A1C435AD9001A2096 /* ViewController.h */,
				2A89694B1C435AD9001A2096 /* ViewController.m */,
				2A89694D1C435AD9001A2096 /* Main.storyboard */,
				2A8969501C435AD9001A2096 /* Images.xcassets */,
				2A8969521C435AD9001A2096 /* LaunchScreen.xib */,
				2A8969431C435AD9001A2096 /* Supporting Files */,
			);
			path = Puzzle;
			sourceTree = "<group>";
		};
		2A8969431C435AD9001A2096 /* Supporting Files */ = {
			isa = PBXGroup;
			children = (
				2A8969441C435AD9001A2096 /* Info.plist */,
				2A8969451C435AD9001A2096 /* main.m */,
			);
			name = "Supporting Files";
			sourceTree = "<group>";
		};
		2A89695C1C435AD9001A2096 /* PuzzleTests */ = {
			isa = PBXGroup;
			children = (
				2A89695F1C435AD9001A2096 /* PuzzleTests.m */,
				2A89695D1C435AD9001A2096 /* Supporting Files */,
			);
			path = PuzzleTests;
			sourceTree = "<group>";
		};
		2A89695D1C435AD9001A2096 /* Supporting Files */ = {
			isa = PBXGroup;
			children = (
				2A89695E1C435AD9001A2096 /* Info.plist */,
			);
			name = "Supporting Files";
			sourceTree = "<group>";
		};
/* End PBXGroup section */

/* Begin PBXNativeTarget section */
		2A89693F1C435AD9001A2096 /* Puzzle */ = {
			isa = PBXNativeTarget;
			buildConfigurationList = 2A8969631C435AD9001A2096 /* Build configuration list for PBXNativeTarget "Puzzle" */;
			buildPhases = (
				2A89693C1C435AD9001A2096 /* Sources */,
				2A89693D1C435AD9001A2096 /* Frameworks */,
				2A89693E1C435AD9001A2096 /* Resources */,
			);
			buildRules = (
			);
			dependencies = (
			);
			name = Puzzle;
			productName = Puzzle;
			productReference = 2A8969401C435AD9001A2096 /* Puzzle.app */;
			productType = "com.apple.product-type.application";
		};
		2A8969581C435AD9001A2096 /* PuzzleTests */ = {
			isa = PBXNativeTarget;
			buildConfigurationList = 2A8969661C435AD9001A2096 /* Build configuration list for PBXNativeTarget "PuzzleTests" */;
			buildPhases = (
				2A8969551C435AD9001A2096 /* Sources */,
				2A8969561C435AD9001A2096 /* Frameworks */,
				2A8969571C435AD9001A2096 /* Resources */,
			);
			buildRules = (
			);
			dependencies = (
				2A89695B1C435AD9001A2096 /* PBXTargetDependency */,
			);
			name = PuzzleTests;
			productName = PuzzleTests;
			productReference = 2A8969591C435AD9001A2096 /* PuzzleTests.xctest */;
			productType = "com.apple.product-type.bundle.unit-test";
		};
/* End PBXNativeTarget section */

/* Begin PBXProject section */
		2A8969381C435AD9001A2096 /* Project object */ = {
			isa = PBXProject;
			attributes = {
				LastUpgradeCheck = 0640;
				ORGANIZATIONNAME = PeiYanMing;
				TargetAttributes = {
					2A89693F1C435AD9001A2096 = {
						CreatedOnToolsVersion = 6.4;
						DevelopmentTeam = 9342Q5J8DX;
					};
					2A8969581C435AD9001A2096 = {
						CreatedOnToolsVersion = 6.4;
						TestTargetID = 2A89693F1C435AD9001A2096;
					};
				};
			};
			buildConfigurationList = 2A89693B1C435AD9001A2096 /* Build configuration list for PBXProject "Puzzle" */;
			compatibilityVersion = "Xcode 3.2";
			developmentRegion = English;
			hasScannedForEncodings = 0;
			knownRegions = (
				en,
				Base,
			);
			mainGroup = 2A8969371C435AD9001A2096;
			productRefGroup = 2A8969411C435AD9001A2096 /* Products */;
			projectDirPath = "";
			projectRoot = "";
			targets = (
				2A89693F1C435AD9001A2096 /* Puzzle */,
				2A8969581C435AD9001A2096 /* PuzzleTests */,
			);
		};
/* End PBXProject section */

/* Begin PBXResourcesBuildPhase section */
		2A89693E1C435AD9001A2096 /* Resources */ = {
			isa = PBXResourcesBuildPhase;
			buildActionMask = 2147483647;
			files = (
				2AE8636C1C5DBFA400DF8A2E /* 8.png in Resources */,
				2A89694F1C435AD9001A2096 /* Main.storyboard in Resources */,
				2AE863681C5DBFA400DF8A2E /* 4.png in Resources */,
				2AE863651C5DBFA400DF8A2E /* 1.png in Resources */,
				2AE8636A1C5DBFA400DF8A2E /* 6.png in Resources */,
				2AE863661C5DBFA400DF8A2E /* 2.png in Resources */,
				2AE863671C5DBFA400DF8A2E /* 3.png in Resources */,
				2AE863691C5DBFA400DF8A2E /* 5.png in Resources */,
				2AE8636B1C5DBFA400DF8A2E /* 7.png in Resources */,
				2AE8636D1C5DBFA400DF8A2E /* 9.png in Resources */,
				2A8969541C435AD9001A2096 /* LaunchScreen.xib in Resources */,
				2A8969511C435AD9001A2096 /* Images.xcassets in Resources */,
			);
			runOnlyForDeploymentPostprocessing = 0;
		};
		2A8969571C435AD9001A2096 /* Resources */ = {
			isa = PBXResourcesBuildPhase;
			buildActionMask = 2147483647;
			files = (
			);
			runOnlyForDeploymentPostprocessing = 0;
		};
/* End PBXResourcesBuildPhase section */

/* Begin PBXSourcesBuildPhase section */
		2A89693C1C435AD9001A2096 /* Sources */ = {
			isa = PBXSourcesBuildPhase;
			buildActionMask = 2147483647;
			files = (
				2A89694C1C435AD9001A2096 /* ViewController.m in Sources */,
				2A8969491C435AD9001A2096 /* AppDelegate.m in Sources */,
				2A8969461C435AD9001A2096 /* main.m in Sources */,
			);
			runOnlyForDeploymentPostprocessing = 0;
		};
		2A8969551C435AD9001A2096 /* Sources */ = {
			isa = PBXSourcesBuildPhase;
			buildActionMask = 2147483647;
			files = (
				2A8969601C435AD9001A2096 /* PuzzleTests.m in Sources */,
			);
			runOnlyForDeploymentPostprocessing = 0;
		};
/* End PBXSourcesBuildPhase section */

/* Begin PBXTargetDependency section */
		2A89695B1C435AD9001A2096 /* PBXTargetDependency */ = {
			isa = PBXTargetDependency;
			target = 2A89693F1C435AD9001A2096 /* Puzzle */;
			targetProxy = 2A89695A1C435AD9001A2096 /* PBXContainerItemProxy */;
		};
/* End PBXTargetDependency section */

/* Begin PBXVariantGroup section */
		2A89694D1C435AD9001A2096 /* Main.storyboard */ = {
			isa = PBXVariantGroup;
			children = (
				2A89694E1C435AD9001A2096 /* Base */,
			);
			name = Main.storyboard;
			sourceTree = "<group>";
		};
		2A8969521C435AD9001A2096 /* LaunchScreen.xib */ = {
			isa = PBXVariantGroup;
			children = (
				2A8969531C435AD9001A2096 /* Base */,
			);
			name = LaunchScreen.xib;
			sourceTree = "<group>";
		};
/* End PBXVariantGroup section */

/* Begin XCBuildConfiguration section */
		2A8969611C435AD9001A2096 /* Debug */ = {
			isa = XCBuildConfiguration;
			buildSettings = {
				ALWAYS_SEARCH_USER_PATHS = NO;
				CLANG_CXX_LANGUAGE_STANDARD = "gnu++0x";
				CLANG_CXX_LIBRARY = "libc++";
				CLANG_ENABLE_MODULES = YES;
				CLANG_ENABLE_OBJC_ARC = YES;
				CLANG_WARN_BOOL_CONVERSION = YES;
				CLANG_WARN_CONSTANT_CONVERSION = YES;
				CLANG_WARN_DIRECT_OBJC_ISA_USAGE = YES_ERROR;
				CLANG_WARN_EMPTY_BODY = YES;
				CLANG_WARN_ENUM_CONVERSION = YES;
				CLANG_WARN_INT_CONVERSION = YES;
				CLANG_WARN_OBJC_ROOT_CLASS = YES_ERROR;
				CLANG_WARN_UNREACHABLE_CODE = YES;
				CLANG_WARN__DUPLICATE_METHOD_MATCH = YES;
				"CODE_SIGN_IDENTITY[sdk=iphoneos*]" = "iPhone Developer";
				COPY_PHASE_STRIP = NO;
				DEBUG_INFORMATION_FORMAT = "dwarf-with-dsym";
				ENABLE_STRICT_OBJC_MSGSEND = YES;
				GCC_C_LANGUAGE_STANDARD = gnu99;
				GCC_DYNAMIC_NO_PIC = NO;
				GCC_NO_COMMON_BLOCKS = YES;
				GCC_OPTIMIZATION_LEVEL = 0;
				GCC_PREPROCESSOR_DEFINITIONS = (
					"DEBUG=1",
					"$(inherited)",
				);
				GCC_SYMBOLS_PRIVATE_EXTERN = NO;
				GCC_WARN_64_TO_32_BIT_CONVERSION = YES;
				GCC_WARN_ABOUT_RETURN_TYPE = YES_ERROR;
				GCC_WARN_UNDECLARED_SELECTOR = YES;
				GCC_WARN_UNINITIALIZED_AUTOS = YES_AGGRESSIVE;
				GCC_WARN_UNUSED_FUNCTION = YES;
				GCC_WARN_UNUSED_VARIABLE = YES;
				IPHONEOS_DEPLOYMENT_TARGET = 7.0;
				MTL_ENABLE_DEBUG_INFO = YES;
				ONLY_ACTIVE_ARCH = YES;
				SDKROOT = iphoneos;
			};
			name = Debug;
		};
		2A8969621C435AD9001A2096 /* Release */ = {
			isa = XCBuildConfiguration;
			buildSettings = {
				ALWAYS_SEARCH_USER_PATHS = NO;
				CLANG_CXX_LANGUAGE_STANDARD = "gnu++0x";
				CLANG_CXX_LIBRARY = "libc++";
				CLANG_ENABLE_MODULES = YES;
				CLANG_ENABLE_OBJC_ARC = YES;
				CLANG_WARN_BOOL_CONVERSION = YES;
				CLANG_WARN_CONSTANT_CONVERSION = YES;
				CLANG_WARN_DIRECT_OBJC_ISA_USAGE = YES_ERROR;
				CLANG_WARN_EMPTY_BODY = YES;
				CLANG_WARN_ENUM_CONVERSION = YES;
				CLANG_WARN_INT_CONVERSION = YES;
				CLANG_WARN_OBJC_ROOT_CLASS = YES_ERROR;
				CLANG_WARN_UNREACHABLE_CODE = YES;
				CLANG_WARN__DUPLICATE_METHOD_MATCH = YES;
				"CODE_SIGN_IDENTITY[sdk=iphoneos*]" = "iPhone Developer";
				COPY_PHASE_STRIP = NO;
				DEBUG_INFORMATION_FORMAT = "dwarf-with-dsym";
				ENABLE_NS_ASSERTIONS = NO;
				ENABLE_STRICT_OBJC_MSGSEND = YES;
				GCC_C_LANGUAGE_STANDARD = gnu99;
				GCC_NO_COMMON_BLOCKS = YES;
				GCC_WARN_64_TO_32_BIT_CONVERSION = YES;
				GCC_WARN_ABOUT_RETURN_TYPE = YES_ERROR;
				GCC_WARN_UNDECLARED_SELECTOR = YES;
				GCC_WARN_UNINITIALIZED_AUTOS = YES_AGGRESSIVE;
				GCC_WARN_UNUSED_FUNCTION = YES;
				GCC_WARN_UNUSED_VARIABLE = YES;
				IPHONEOS_DEPLOYMENT_TARGET = 7.0;
				MTL_ENABLE_DEBUG_INFO = NO;
				SDKROOT = iphoneos;
				VALIDATE_PRODUCT = YES;
			};
			name = Release;
		};
		2A8969641C435AD9001A2096 /* Debug */ = {
			isa = XCBuildConfiguration;
			buildSettings = {
				ASSETCATALOG_COMPILER_APPICON_NAME = AppIcon;
				CODE_SIGN_IDENTITY = "iPhone Developer";
				INFOPLIST_FILE = Puzzle/Info.plist;
				IPHONEOS_DEPLOYMENT_TARGET = 7.0;
				LD_RUNPATH_SEARCH_PATHS = "$(inherited) @executable_path/Frameworks";
				PRODUCT_NAME = "$(TARGET_NAME)";
			};
			name = Debug;
		};
		2A8969651C435AD9001A2096 /* Release */ = {
			isa = XCBuildConfiguration;
			buildSettings = {
				ASSETCATALOG_COMPILER_APPICON_NAME = AppIcon;
				CODE_SIGN_IDENTITY = "iPhone Developer";
				INFOPLIST_FILE = Puzzle/Info.plist;
				IPHONEOS_DEPLOYMENT_TARGET = 7.0;
				LD_RUNPATH_SEARCH_PATHS = "$(inherited) @executable_path/Frameworks";
				PRODUCT_NAME = "$(TARGET_NAME)";
			};
			name = Release;
		};
		2A8969671C435AD9001A2096 /* Debug */ = {
			isa = XCBuildConfiguration;
			buildSettings = {
				BUNDLE_LOADER = "$(TEST_HOST)";
				FRAMEWORK_SEARCH_PATHS = (
					"$(SDKROOT)/Developer/Library/Frameworks",
					"$(inherited)",
				);
				GCC_PREPROCESSOR_DEFINITIONS = (
					"DEBUG=1",
					"$(inherited)",
				);
				INFOPLIST_FILE = PuzzleTests/Info.plist;
				LD_RUNPATH_SEARCH_PATHS = "$(inherited) @executable_path/Frameworks @loader_path/Frameworks";
				PRODUCT_NAME = "$(TARGET_NAME)";
				TEST_HOST = "$(BUILT_PRODUCTS_DIR)/Puzzle.app/Puzzle";
			};
			name = Debug;
		};
		2A8969681C435AD9001A2096 /* Release */ = {
			isa = XCBuildConfiguration;
			buildSettings = {
				BUNDLE_LOADER = "$(TEST_HOST)";
				FRAMEWORK_SEARCH_PATHS = (
					"$(SDKROOT)/Developer/Library/Frameworks",
					"$(inherited)",
				);
				INFOPLIST_FILE = PuzzleTests/Info.plist;
				LD_RUNPATH_SEARCH_PATHS = "$(inherited) @executable_path/Frameworks @loader_path/Frameworks";
				PRODUCT_NAME = "$(TARGET_NAME)";
				TEST_HOST = "$(BUILT_PRODUCTS_DIR)/Puzzle.app/Puzzle";
			};
			name = Release;
		};
/* End XCBuildConfiguration section */

/* Begin XCConfigurationList section */
		2A89693B1C435AD9001A2096 /* Build configuration list for PBXProject "Puzzle" */ = {
			isa = XCConfigurationList;
			buildConfigurations = (
				2A8969611C435AD9001A2096 /* Debug */,
				2A8969621C435AD9001A2096 /* Release */,
			);
			defaultConfigurationIsVisible = 0;
			defaultConfigurationName = Release;
		};
		2A8969631C435AD9001A2096 /* Build configuration list for PBXNativeTarget "Puzzle" */ = {
			isa = XCConfigurationList;
			buildConfigurations = (
				2A8969641C435AD9001A2096 /* Debug */,
				2A8969651C435AD9001A2096 /* Release */,
			);
			defaultConfigurationIsVisible = 0;
			defaultConfigurationName = Release;
		};
		2A8969661C435AD9001A2096 /* Build configuration list for PBXNativeTarget "PuzzleTests" */ = {
			isa = XCConfigurationList;
			buildConfigurations = (
				2A8969671C435AD9001A2096 /* Debug */,
				2A8969681C435AD9001A2096 /* Release */,
			);
			defaultConfigurationIsVisible = 0;
			defaultConfigurationName = Release;
		};
/* End XCConfigurationList section */
	};
	rootObject = 2A8969381C435AD9001A2096 /* Project object */;
}
